
Microsoft Visual Studio Solution File, Format Version 12.00
# Visual Studio Version 16
VisualStudioVersion = 16.0.29519.181
MinimumVisualStudioVersion = 10.0.40219.1
Project("{FAE04EC0-301F-11D3-BF4B-00C04F79EFBC}") = "ConcurrentTest", "ConcurrentTest\ConcurrentTest.csproj", "{3EA5FEFC-A53E-4993-A0BD-FD527E8705DD}"
EndProject
Global
	GlobalSection(SolutionConfigurationPlatforms) = preSolution
		Debug|Any CPU = Debug|Any CPU
		Release|Any CPU = Release|Any CPU
	EndGlobalSection
	GlobalSection(ProjectConfigurationPlatforms) = postSolution
		{3EA5FEFC-A53E-4993-A0BD-FD527E8705DD}.Debug|Any CPU.ActiveCfg = Debug|Any CPU
		{3EA5FEFC-A53E-4993-A0BD-FD527E8705DD}.Debug|Any CPU.Build.0 = Debug|Any CPU
		{3EA5FEFC-A53E-4993-A0BD-FD527E8705DD}.Release|Any CPU.ActiveCfg = Release|Any CPU
		{3EA5FEFC-A53E-4993-A0BD-FD527E8705DD}.Release|Any CPU.Build.0 = Release|Any CPU
	EndGlobalSection
	GlobalSection(SolutionProperties) = preSolution
		HideSolutionNode = FALSE
	EndGlobalSection
	GlobalSection(ExtensibilityGlobals) = postSolution
		SolutionGuid = {BF897D8F-BD73-41F0-BA6F-5EDFFB86F2A7}
	EndGlobalSection
EndGlobal
